
Microsoft Visual Studio Solution File, Format Version 12.00
# Visual Studio Version 17
VisualStudioVersion = 17.12.35707.178
MinimumVisualStudioVersion = 10.0.40219.1
Project("{FAE04EC0-301F-11D3-BF4B-00C04F79EFBC}") = "Presentation", "ChatApp\Presentation.csproj", "{536CDC0C-1854-4D8F-A58D-3B1F46E3A8B6}"
EndProject
Project("{FAE04EC0-301F-11D3-BF4B-00C04F79EFBC}") = "Domain", "Domain\Domain.csproj", "{8E0E5D43-E6CC-452E-AE9E-335F9BD758B7}"
EndProject
Project("{FAE04EC0-301F-11D3-BF4B-00C04F79EFBC}") = "Infrastructure", "Infrastructure\Infrastructure.csproj", "{C6BC568E-0CF1-47CD-AF68-1AA157783172}"
EndProject
Project("{FAE04EC0-301F-11D3-BF4B-00C04F79EFBC}") = "Application", "Application\Application.csproj", "{E775B0B0-17E4-41FF-993C-8FCF026D1FD1}"
EndProject
Global
	GlobalSection(SolutionConfigurationPlatforms) = preSolution
		Debug|Any CPU = Debug|Any CPU
		Release|Any CPU = Release|Any CPU
	EndGlobalSection
	GlobalSection(ProjectConfigurationPlatforms) = postSolution
		{536CDC0C-1854-4D8F-A58D-3B1F46E3A8B6}.Debug|Any CPU.ActiveCfg = Debug|Any CPU
		{536CDC0C-1854-4D8F-A58D-3B1F46E3A8B6}.Debug|Any CPU.Build.0 = Debug|Any CPU
		{536CDC0C-1854-4D8F-A58D-3B1F46E3A8B6}.Release|Any CPU.ActiveCfg = Release|Any CPU
		{536CDC0C-1854-4D8F-A58D-3B1F46E3A8B6}.Release|Any CPU.Build.0 = Release|Any CPU
		{8E0E5D43-E6CC-452E-AE9E-335F9BD758B7}.Debug|Any CPU.ActiveCfg = Debug|Any CPU
		{8E0E5D43-E6CC-452E-AE9E-335F9BD758B7}.Debug|Any CPU.Build.0 = Debug|Any CPU
		{8E0E5D43-E6CC-452E-AE9E-335F9BD758B7}.Release|Any CPU.ActiveCfg = Release|Any CPU
		{8E0E5D43-E6CC-452E-AE9E-335F9BD758B7}.Release|Any CPU.Build.0 = Release|Any CPU
		{C6BC568E-0CF1-47CD-AF68-1AA157783172}.Debug|Any CPU.ActiveCfg = Debug|Any CPU
		{C6BC568E-0CF1-47CD-AF68-1AA157783172}.Debug|Any CPU.Build.0 = Debug|Any CPU
		{C6BC568E-0CF1-47CD-AF68-1AA157783172}.Release|Any CPU.ActiveCfg = Release|Any CPU
		{C6BC568E-0CF1-47CD-AF68-1AA157783172}.Release|Any CPU.Build.0 = Release|Any CPU
		{E775B0B0-17E4-41FF-993C-8FCF026D1FD1}.Debug|Any CPU.ActiveCfg = Debug|Any CPU
		{E775B0B0-17E4-41FF-993C-8FCF026D1FD1}.Debug|Any CPU.Build.0 = Debug|Any CPU
		{E775B0B0-17E4-41FF-993C-8FCF026D1FD1}.Release|Any CPU.ActiveCfg = Release|Any CPU
		{E775B0B0-17E4-41FF-993C-8FCF026D1FD1}.Release|Any CPU.Build.0 = Release|Any CPU
	EndGlobalSection
	GlobalSection(SolutionProperties) = preSolution
		HideSolutionNode = FALSE
	EndGlobalSection
EndGlobal
